
Microsoft Visual Studio Solution File, Format Version 12.00
# Visual Studio Version 17
VisualStudioVersion = 17.9.34723.18
MinimumVisualStudioVersion = 10.0.40219.1
Project("{FAE04EC0-301F-11D3-BF4B-00C04F79EFBC}") = "WinFormsApp", "WinFormsApp\WinFormsApp.csproj", "{92645AAC-0967-46B9-B1BA-C33CAA5C3B31}"
EndProject
Global
	GlobalSection(SolutionConfigurationPlatforms) = preSolution
		Debug|Any CPU = Debug|Any CPU
		Release|Any CPU = Release|Any CPU
	EndGlobalSection
	GlobalSection(ProjectConfigurationPlatforms) = postSolution
		{92645AAC-0967-46B9-B1BA-C33CAA5C3B31}.Debug|Any CPU.ActiveCfg = Debug|Any CPU
		{92645AAC-0967-46B9-B1BA-C33CAA5C3B31}.Debug|Any CPU.Build.0 = Debug|Any CPU
		{92645AAC-0967-46B9-B1BA-C33CAA5C3B31}.Release|Any CPU.ActiveCfg = Release|Any CPU
		{92645AAC-0967-46B9-B1BA-C33CAA5C3B31}.Release|Any CPU.Build.0 = Release|Any CPU
	EndGlobalSection
	GlobalSection(SolutionProperties) = preSolution
		HideSolutionNode = FALSE
	EndGlobalSection
	GlobalSection(ExtensibilityGlobals) = postSolution
		SolutionGuid = {F37D70ED-6752-4D37-BD71-3915E0EA6F80}
	EndGlobalSection
EndGlobal
