
Microsoft Visual Studio Solution File, Format Version 12.00
# Visual Studio Version 17
VisualStudioVersion = 17.9.34723.18
MinimumVisualStudioVersion = 10.0.40219.1
Project("{9A19103F-16F7-4668-BE54-9A1E7A4F7556}") = "ConsoleApp3", "ConsoleApp3\ConsoleApp3.csproj", "{75412E57-2365-4FE7-99A7-9B7A5CA1B74A}"
EndProject
Project("{9A19103F-16F7-4668-BE54-9A1E7A4F7556}") = "ClassLibrary", "ClassLibrary\ClassLibrary.csproj", "{2124C2A9-1C69-443D-A622-F939DBB1576B}"
EndProject
Project("{FAE04EC0-301F-11D3-BF4B-00C04F79EFBC}") = "Vista", "Vista\Vista.csproj", "{90E5015C-16B7-47EF-92E1-A14EF5259908}"
EndProject
Global
	GlobalSection(SolutionConfigurationPlatforms) = preSolution
		Debug|Any CPU = Debug|Any CPU
		Release|Any CPU = Release|Any CPU
	EndGlobalSection
	GlobalSection(ProjectConfigurationPlatforms) = postSolution
		{75412E57-2365-4FE7-99A7-9B7A5CA1B74A}.Debug|Any CPU.ActiveCfg = Debug|Any CPU
		{75412E57-2365-4FE7-99A7-9B7A5CA1B74A}.Debug|Any CPU.Build.0 = Debug|Any CPU
		{75412E57-2365-4FE7-99A7-9B7A5CA1B74A}.Release|Any CPU.ActiveCfg = Release|Any CPU
		{75412E57-2365-4FE7-99A7-9B7A5CA1B74A}.Release|Any CPU.Build.0 = Release|Any CPU
		{2124C2A9-1C69-443D-A622-F939DBB1576B}.Debug|Any CPU.ActiveCfg = Debug|Any CPU
		{2124C2A9-1C69-443D-A622-F939DBB1576B}.Debug|Any CPU.Build.0 = Debug|Any CPU
		{2124C2A9-1C69-443D-A622-F939DBB1576B}.Release|Any CPU.ActiveCfg = Release|Any CPU
		{2124C2A9-1C69-443D-A622-F939DBB1576B}.Release|Any CPU.Build.0 = Release|Any CPU
		{90E5015C-16B7-47EF-92E1-A14EF5259908}.Debug|Any CPU.ActiveCfg = Debug|Any CPU
		{90E5015C-16B7-47EF-92E1-A14EF5259908}.Debug|Any CPU.Build.0 = Debug|Any CPU
		{90E5015C-16B7-47EF-92E1-A14EF5259908}.Release|Any CPU.ActiveCfg = Release|Any CPU
		{90E5015C-16B7-47EF-92E1-A14EF5259908}.Release|Any CPU.Build.0 = Release|Any CPU
	EndGlobalSection
	GlobalSection(SolutionProperties) = preSolution
		HideSolutionNode = FALSE
	EndGlobalSection
	GlobalSection(ExtensibilityGlobals) = postSolution
		SolutionGuid = {C6B585B7-B454-43F1-AEC4-FBA04E234953}
	EndGlobalSection
EndGlobal
