
Microsoft Visual Studio Solution File, Format Version 12.00
# Visual Studio Version 17
VisualStudioVersion = 17.9.34723.18
MinimumVisualStudioVersion = 10.0.40219.1
Project("{FAE04EC0-301F-11D3-BF4B-00C04F79EFBC}") = "ClassLibrary", "ClassLibrary\ClassLibrary.csproj", "{C0A15180-2541-4649-9E51-626EBA94ED1F}"
EndProject
Project("{FAE04EC0-301F-11D3-BF4B-00C04F79EFBC}") = "Test", "Test\Test.csproj", "{BF1AE902-615D-4F9B-B673-BCF4EDAB2A69}"
EndProject
Project("{2150E333-8FDC-42A3-9474-1A3956D46DE8}") = "EJERCICIOI01 - TORNEO", "EJERCICIOI01 - TORNEO", "{1E455EF8-1012-40D8-8C9D-C18761F3C275}"
EndProject
Project("{2150E333-8FDC-42A3-9474-1A3956D46DE8}") = "EJERCICIOI02 - CONTABILIDAD", "EJERCICIOI02 - CONTABILIDAD", "{A6641C9F-8243-4009-9F0F-94D2662C6FBB}"
EndProject
Project("{FAE04EC0-301F-11D3-BF4B-00C04F79EFBC}") = "ClassLibrary2", "ClassLibrary2\ClassLibrary2.csproj", "{A521EBD9-4E34-48DA-903C-D18ECCEB18B9}"
EndProject
Project("{FAE04EC0-301F-11D3-BF4B-00C04F79EFBC}") = "Test2", "Test2\Test2.csproj", "{9045E9AB-8746-4B44-A7A8-EAFB25C8BA10}"
EndProject
Global
	GlobalSection(SolutionConfigurationPlatforms) = preSolution
		Debug|Any CPU = Debug|Any CPU
		Release|Any CPU = Release|Any CPU
	EndGlobalSection
	GlobalSection(ProjectConfigurationPlatforms) = postSolution
		{C0A15180-2541-4649-9E51-626EBA94ED1F}.Debug|Any CPU.ActiveCfg = Debug|Any CPU
		{C0A15180-2541-4649-9E51-626EBA94ED1F}.Debug|Any CPU.Build.0 = Debug|Any CPU
		{C0A15180-2541-4649-9E51-626EBA94ED1F}.Release|Any CPU.ActiveCfg = Release|Any CPU
		{C0A15180-2541-4649-9E51-626EBA94ED1F}.Release|Any CPU.Build.0 = Release|Any CPU
		{BF1AE902-615D-4F9B-B673-BCF4EDAB2A69}.Debug|Any CPU.ActiveCfg = Debug|Any CPU
		{BF1AE902-615D-4F9B-B673-BCF4EDAB2A69}.Debug|Any CPU.Build.0 = Debug|Any CPU
		{BF1AE902-615D-4F9B-B673-BCF4EDAB2A69}.Release|Any CPU.ActiveCfg = Release|Any CPU
		{BF1AE902-615D-4F9B-B673-BCF4EDAB2A69}.Release|Any CPU.Build.0 = Release|Any CPU
		{A521EBD9-4E34-48DA-903C-D18ECCEB18B9}.Debug|Any CPU.ActiveCfg = Debug|Any CPU
		{A521EBD9-4E34-48DA-903C-D18ECCEB18B9}.Debug|Any CPU.Build.0 = Debug|Any CPU
		{A521EBD9-4E34-48DA-903C-D18ECCEB18B9}.Release|Any CPU.ActiveCfg = Release|Any CPU
		{A521EBD9-4E34-48DA-903C-D18ECCEB18B9}.Release|Any CPU.Build.0 = Release|Any CPU
		{9045E9AB-8746-4B44-A7A8-EAFB25C8BA10}.Debug|Any CPU.ActiveCfg = Debug|Any CPU
		{9045E9AB-8746-4B44-A7A8-EAFB25C8BA10}.Debug|Any CPU.Build.0 = Debug|Any CPU
		{9045E9AB-8746-4B44-A7A8-EAFB25C8BA10}.Release|Any CPU.ActiveCfg = Release|Any CPU
		{9045E9AB-8746-4B44-A7A8-EAFB25C8BA10}.Release|Any CPU.Build.0 = Release|Any CPU
	EndGlobalSection
	GlobalSection(SolutionProperties) = preSolution
		HideSolutionNode = FALSE
	EndGlobalSection
	GlobalSection(NestedProjects) = preSolution
		{C0A15180-2541-4649-9E51-626EBA94ED1F} = {1E455EF8-1012-40D8-8C9D-C18761F3C275}
		{BF1AE902-615D-4F9B-B673-BCF4EDAB2A69} = {1E455EF8-1012-40D8-8C9D-C18761F3C275}
		{A521EBD9-4E34-48DA-903C-D18ECCEB18B9} = {A6641C9F-8243-4009-9F0F-94D2662C6FBB}
		{9045E9AB-8746-4B44-A7A8-EAFB25C8BA10} = {A6641C9F-8243-4009-9F0F-94D2662C6FBB}
	EndGlobalSection
	GlobalSection(ExtensibilityGlobals) = postSolution
		SolutionGuid = {FAE07DBF-8833-4865-9D71-3FF7E3260129}
	EndGlobalSection
EndGlobal
